
Microsoft Visual Studio Solution File, Format Version 12.00
# Visual Studio 2012
Project("{2150E333-8FDC-42A3-9474-1A3956D46DE8}") = ".nuget", ".nuget", "{F32D8E25-945D-41E7-B208-373673A250AE}"
	ProjectSection(SolutionItems) = preProject
		.nuget\NuGet.Config = .nuget\NuGet.Config
		.nuget\NuGet.exe = .nuget\NuGet.exe
		.nuget\NuGet.targets = .nuget\NuGet.targets
	EndProjectSection
EndProject
Project("{FAE04EC0-301F-11D3-BF4B-00C04F79EFBC}") = "Bool.Tests", "Bool.Tests\Bool.Tests.csproj", "{35C18FE4-382C-4643-A076-445D1279DAE5}"
EndProject
Project("{FAE04EC0-301F-11D3-BF4B-00C04F79EFBC}") = "Bool", "Bool\Bool.csproj", "{85ED3F5E-9041-451F-A833-F1045F840CC4}"
EndProject
Project("{2150E333-8FDC-42A3-9474-1A3956D46DE8}") = "Solution Items", "Solution Items", "{0392D722-EC63-4C5D-A2E9-FE5EF234C4B3}"
EndProject
Project("{2150E333-8FDC-42A3-9474-1A3956D46DE8}") = "Grammar", "Grammar", "{C364A468-A726-4A5D-A7E3-3D319AAF4B91}"
	ProjectSection(SolutionItems) = preProject
		Grammar\lexer.lex = Grammar\lexer.lex
		Grammar\parser.y = Grammar\parser.y
	EndProjectSection
EndProject
Global
	GlobalSection(SolutionConfigurationPlatforms) = preSolution
		Debug|Any CPU = Debug|Any CPU
		Release|Any CPU = Release|Any CPU
	EndGlobalSection
	GlobalSection(ProjectConfigurationPlatforms) = postSolution
		{35C18FE4-382C-4643-A076-445D1279DAE5}.Debug|Any CPU.ActiveCfg = Debug|Any CPU
		{35C18FE4-382C-4643-A076-445D1279DAE5}.Debug|Any CPU.Build.0 = Debug|Any CPU
		{35C18FE4-382C-4643-A076-445D1279DAE5}.Release|Any CPU.ActiveCfg = Release|Any CPU
		{35C18FE4-382C-4643-A076-445D1279DAE5}.Release|Any CPU.Build.0 = Release|Any CPU
		{85ED3F5E-9041-451F-A833-F1045F840CC4}.Debug|Any CPU.ActiveCfg = Debug|Any CPU
		{85ED3F5E-9041-451F-A833-F1045F840CC4}.Debug|Any CPU.Build.0 = Debug|Any CPU
		{85ED3F5E-9041-451F-A833-F1045F840CC4}.Release|Any CPU.ActiveCfg = Release|Any CPU
		{85ED3F5E-9041-451F-A833-F1045F840CC4}.Release|Any CPU.Build.0 = Release|Any CPU
	EndGlobalSection
	GlobalSection(SolutionProperties) = preSolution
		HideSolutionNode = FALSE
	EndGlobalSection
EndGlobal
